
Microsoft Visual Studio Solution File, Format Version 12.00
# Visual Studio Version 17
VisualStudioVersion = 17.13.35818.85 d17.13
MinimumVisualStudioVersion = 10.0.40219.1
Project("{FAE04EC0-301F-11D3-BF4B-00C04F79EFBC}") = "TaskManagement", "TaskManagement\TaskManagement.csproj", "{C961E4F1-DAE7-4847-9D67-BD78450D3074}"
EndProject
Global
	GlobalSection(SolutionConfigurationPlatforms) = preSolution
		Debug|Any CPU = Debug|Any CPU
		Release|Any CPU = Release|Any CPU
	EndGlobalSection
	GlobalSection(ProjectConfigurationPlatforms) = postSolution
		{C961E4F1-DAE7-4847-9D67-BD78450D3074}.Debug|Any CPU.ActiveCfg = Debug|Any CPU
		{C961E4F1-DAE7-4847-9D67-BD78450D3074}.Debug|Any CPU.Build.0 = Debug|Any CPU
		{C961E4F1-DAE7-4847-9D67-BD78450D3074}.Release|Any CPU.ActiveCfg = Release|Any CPU
		{C961E4F1-DAE7-4847-9D67-BD78450D3074}.Release|Any CPU.Build.0 = Release|Any CPU
	EndGlobalSection
	GlobalSection(SolutionProperties) = preSolution
		HideSolutionNode = FALSE
	EndGlobalSection
	GlobalSection(ExtensibilityGlobals) = postSolution
		SolutionGuid = {391FDF19-B080-472C-B1BA-63311F08762B}
	EndGlobalSection
EndGlobal
